
Microsoft Visual Studio Solution File, Format Version 12.00
# Visual Studio Version 16
VisualStudioVersion = 16.0.30523.141
MinimumVisualStudioVersion = 15.0.26124.0
Project("{9A19103F-16F7-4668-BE54-9A1E7A4F7556}") = "TheDadsDepot", "TheDadsDepot\TheDadsDepot.csproj", "{F77DF5C5-C208-447F-A08A-63730898E354}"
EndProject
Project("{9A19103F-16F7-4668-BE54-9A1E7A4F7556}") = "TheDadsDepot.Tests", "TheDadsDepot.Tests\TheDadsDepot.Tests.csproj", "{FF093B3E-F9E0-4625-A563-1A580EBC40EB}"
EndProject
Global
	GlobalSection(SolutionConfigurationPlatforms) = preSolution
		Debug|Any CPU = Debug|Any CPU
		Debug|x64 = Debug|x64
		Debug|x86 = Debug|x86
		Release|Any CPU = Release|Any CPU
		Release|x64 = Release|x64
		Release|x86 = Release|x86
	EndGlobalSection
	GlobalSection(ProjectConfigurationPlatforms) = postSolution
		{F77DF5C5-C208-447F-A08A-63730898E354}.Debug|Any CPU.ActiveCfg = Debug|Any CPU
		{F77DF5C5-C208-447F-A08A-63730898E354}.Debug|Any CPU.Build.0 = Debug|Any CPU
		{F77DF5C5-C208-447F-A08A-63730898E354}.Debug|x64.ActiveCfg = Debug|Any CPU
		{F77DF5C5-C208-447F-A08A-63730898E354}.Debug|x64.Build.0 = Debug|Any CPU
		{F77DF5C5-C208-447F-A08A-63730898E354}.Debug|x86.ActiveCfg = Debug|Any CPU
		{F77DF5C5-C208-447F-A08A-63730898E354}.Debug|x86.Build.0 = Debug|Any CPU
		{F77DF5C5-C208-447F-A08A-63730898E354}.Release|Any CPU.ActiveCfg = Release|Any CPU
		{F77DF5C5-C208-447F-A08A-63730898E354}.Release|Any CPU.Build.0 = Release|Any CPU
		{F77DF5C5-C208-447F-A08A-63730898E354}.Release|x64.ActiveCfg = Release|Any CPU
		{F77DF5C5-C208-447F-A08A-63730898E354}.Release|x64.Build.0 = Release|Any CPU
		{F77DF5C5-C208-447F-A08A-63730898E354}.Release|x86.ActiveCfg = Release|Any CPU
		{F77DF5C5-C208-447F-A08A-63730898E354}.Release|x86.Build.0 = Release|Any CPU
		{FF093B3E-F9E0-4625-A563-1A580EBC40EB}.Debug|Any CPU.ActiveCfg = Debug|Any CPU
		{FF093B3E-F9E0-4625-A563-1A580EBC40EB}.Debug|Any CPU.Build.0 = Debug|Any CPU
		{FF093B3E-F9E0-4625-A563-1A580EBC40EB}.Debug|x64.ActiveCfg = Debug|Any CPU
		{FF093B3E-F9E0-4625-A563-1A580EBC40EB}.Debug|x64.Build.0 = Debug|Any CPU
		{FF093B3E-F9E0-4625-A563-1A580EBC40EB}.Debug|x86.ActiveCfg = Debug|Any CPU
		{FF093B3E-F9E0-4625-A563-1A580EBC40EB}.Debug|x86.Build.0 = Debug|Any CPU
		{FF093B3E-F9E0-4625-A563-1A580EBC40EB}.Release|Any CPU.ActiveCfg = Release|Any CPU
		{FF093B3E-F9E0-4625-A563-1A580EBC40EB}.Release|Any CPU.Build.0 = Release|Any CPU
		{FF093B3E-F9E0-4625-A563-1A580EBC40EB}.Release|x64.ActiveCfg = Release|Any CPU
		{FF093B3E-F9E0-4625-A563-1A580EBC40EB}.Release|x64.Build.0 = Release|Any CPU
		{FF093B3E-F9E0-4625-A563-1A580EBC40EB}.Release|x86.ActiveCfg = Release|Any CPU
		{FF093B3E-F9E0-4625-A563-1A580EBC40EB}.Release|x86.Build.0 = Release|Any CPU
	EndGlobalSection
	GlobalSection(SolutionProperties) = preSolution
		HideSolutionNode = FALSE
	EndGlobalSection
	GlobalSection(ExtensibilityGlobals) = postSolution
		SolutionGuid = {ACC2FF34-6A2F-4972-9FEB-0CB2D4C91608}
	EndGlobalSection
EndGlobal
